# THIS IS AN AUTOGENERATED FILE. DO NOT EDIT THIS FILE DIRECTLY.
# yarn lockfile v1


"@babel/parser@^7.16.4":
  version "7.19.1"
  resolved "http://artifactory.hundsun.com:80/artifactory/api/npm/fais2-npm-virtual/@babel/parser/-/parser-7.19.1.tgz#6f6d6c2e621aad19a92544cc217ed13f1aac5b4c"
  integrity sha512-h7RCSorm1DdTVGJf3P2Mhj3kdnkmF/EiysUkzS2TdgAYqyjFdMQJbVuXOBej2SBJaXan/lIVtT6KkGbyyq753A==

"@esbuild/android-arm@0.15.8":
  version "0.15.8"
  resolved "http://artifactory.hundsun.com:80/artifactory/api/npm/fais2-npm-virtual/@esbuild/android-arm/-/android-arm-0.15.8.tgz#52b094c98e415ec72fab39827c12f2051ac9c550"
  integrity sha512-CyEWALmn+no/lbgbAJsbuuhT8s2J19EJGHkeyAwjbFJMrj80KJ9zuYsoAvidPTU7BgBf87r/sgae8Tw0dbOc4Q==
  dependencies:
    esbuild-wasm "0.15.8"

"@esbuild/linux-loong64@0.15.8":
  version "0.15.8"
  resolved "http://artifactory.hundsun.com:80/artifactory/api/npm/fais2-npm-virtual/@esbuild/linux-loong64/-/linux-loong64-0.15.8.tgz#d64575fc46bf4eb689352aa9f8a139271b6e1647"
  integrity sha512-pE5RQsOTSERCtfZdfCT25wzo7dfhOSlhAXcsZmuvRYhendOv7djcdvtINdnDp2DAjP17WXlBB4nBO6sHLczmsg==

"@types/prismjs@^1.26.0":
  version "1.26.0"
  resolved "http://artifactory.hundsun.com:80/artifactory/api/npm/fais2-npm-virtual/@types/prismjs/-/prismjs-1.26.0.tgz#a1c3809b0ad61c62cac6d4e0c56d610c910b7654"
  integrity sha512-ZTaqn/qSqUuAq1YwvOFQfVW1AR/oQJlLSZVustdjwI+GZ8kr0MSHBj0tsXPW1EqHubx50gtBEjbPGsdZwQwCjQ==

"@vitejs/plugin-vue@^3.1.0":
  version "3.1.0"
  resolved "http://artifactory.hundsun.com:80/artifactory/api/npm/fais2-npm-virtual/@vitejs/plugin-vue/-/plugin-vue-3.1.0.tgz#3a423ea6943a450e806da412a911150e928598ed"
  integrity sha512-fmxtHPjSOEIRg6vHYDaem+97iwCUg/uSIaTzp98lhELt2ISOQuDo2hbkBdXod0g15IhfPMQmAxh4heUks2zvDA==

"@volar/code-gen@0.40.13":
  version "0.40.13"
  resolved "http://artifactory.hundsun.com:80/artifactory/api/npm/fais2-npm-virtual/@volar/code-gen/-/code-gen-0.40.13.tgz#cd69a67b11462b93d79ea2139f9f1e0a76e15111"
  integrity sha512-4gShBWuMce868OVvgyA1cU5WxHbjfEme18Tw6uVMfweZCF5fB2KECG0iPrA9D54vHk3FeHarODNwgIaaFfUBlA==
  dependencies:
    "@volar/source-map" "0.40.13"

"@volar/source-map@0.40.13":
  version "0.40.13"
  resolved "http://artifactory.hundsun.com:80/artifactory/api/npm/fais2-npm-virtual/@volar/source-map/-/source-map-0.40.13.tgz#9acbc47614bbd8fa710d233d10fff1b18cb78a80"
  integrity sha512-dbdkAB2Nxb0wLjAY5O64o3ywVWlAGONnBIoKAkXSf6qkGZM+nJxcizsoiI66K+RHQG0XqlyvjDizfnTxr+6PWg==
  dependencies:
    "@vue/reactivity" "3.2.38"

"@volar/typescript-faster@0.40.13":
  version "0.40.13"
  resolved "http://artifactory.hundsun.com:80/artifactory/api/npm/fais2-npm-virtual/@volar/typescript-faster/-/typescript-faster-0.40.13.tgz#5d9600333cc250ad53e8604ff6a2a32e4acfbc86"
  integrity sha512-uy+TlcFkKoNlKEnxA4x5acxdxLyVDIXGSc8cYDNXpPKjBKXrQaetzCzlO3kVBqu1VLMxKNGJMTKn35mo+ILQmw==
  dependencies:
    semver "^7.3.7"

"@volar/vue-language-core@0.40.13":
  version "0.40.13"
  resolved "http://artifactory.hundsun.com:80/artifactory/api/npm/fais2-npm-virtual/@volar/vue-language-core/-/vue-language-core-0.40.13.tgz#13a79c29ef63d66a40afd1b29166404703b240c4"
  integrity sha512-QkCb8msi2KUitTdM6Y4kAb7/ZlEvuLcbBFOC2PLBlFuoZwyxvSP7c/dBGmKGtJlEvMX0LdCyrg5V2aBYxD38/Q==
  dependencies:
    "@volar/code-gen" "0.40.13"
    "@volar/source-map" "0.40.13"
    "@vue/compiler-core" "^3.2.38"
    "@vue/compiler-dom" "^3.2.38"
    "@vue/compiler-sfc" "^3.2.38"
    "@vue/reactivity" "^3.2.38"
    "@vue/shared" "^3.2.38"

"@volar/vue-typescript@0.40.13":
  version "0.40.13"
  resolved "http://artifactory.hundsun.com:80/artifactory/api/npm/fais2-npm-virtual/@volar/vue-typescript/-/vue-typescript-0.40.13.tgz#50fe8e0965f4e14596eca57550b5ca13388c244c"
  integrity sha512-o7bNztwjs8JmbQjVkrnbZUOfm7q4B8ZYssETISN1tRaBdun6cfNqgpkvDYd+VUBh1O4CdksvN+5BUNnwAz4oCQ==
  dependencies:
    "@volar/code-gen" "0.40.13"
    "@volar/typescript-faster" "0.40.13"
    "@volar/vue-language-core" "0.40.13"

"@vue/compiler-core@3.2.39", "@vue/compiler-core@^3.2.38":
  version "3.2.39"
  resolved "http://artifactory.hundsun.com:80/artifactory/api/npm/fais2-npm-virtual/@vue/compiler-core/-/compiler-core-3.2.39.tgz#0d77e635f4bdb918326669155a2dc977c053943e"
  integrity sha512-mf/36OWXqWn0wsC40nwRRGheR/qoID+lZXbIuLnr4/AngM0ov8Xvv8GHunC0rKRIkh60bTqydlqTeBo49rlbqw==
  dependencies:
    "@babel/parser" "^7.16.4"
    "@vue/shared" "3.2.39"
    estree-walker "^2.0.2"
    source-map "^0.6.1"

"@vue/compiler-dom@3.2.39", "@vue/compiler-dom@^3.2.38":
  version "3.2.39"
  resolved "http://artifactory.hundsun.com:80/artifactory/api/npm/fais2-npm-virtual/@vue/compiler-dom/-/compiler-dom-3.2.39.tgz#bd69d35c1a48fe2cea4ab9e96d2a3a735d146fdf"
  integrity sha512-HMFI25Be1C8vLEEv1hgEO1dWwG9QQ8LTTPmCkblVJY/O3OvWx6r1+zsox5mKPMGvqYEZa6l8j+xgOfUspgo7hw==
  dependencies:
    "@vue/compiler-core" "3.2.39"
    "@vue/shared" "3.2.39"

"@vue/compiler-sfc@3.2.39", "@vue/compiler-sfc@^3.2.38", "@vue/compiler-sfc@^3.2.39":
  version "3.2.39"
  resolved "http://artifactory.hundsun.com:80/artifactory/api/npm/fais2-npm-virtual/@vue/compiler-sfc/-/compiler-sfc-3.2.39.tgz#8fe29990f672805b7c5a2ecfa5b05e681c862ea2"
  integrity sha512-fqAQgFs1/BxTUZkd0Vakn3teKUt//J3c420BgnYgEOoVdTwYpBTSXCMJ88GOBCylmUBbtquGPli9tVs7LzsWIA==
  dependencies:
    "@babel/parser" "^7.16.4"
    "@vue/compiler-core" "3.2.39"
    "@vue/compiler-dom" "3.2.39"
    "@vue/compiler-ssr" "3.2.39"
    "@vue/reactivity-transform" "3.2.39"
    "@vue/shared" "3.2.39"
    estree-walker "^2.0.2"
    magic-string "^0.25.7"
    postcss "^8.1.10"
    source-map "^0.6.1"

"@vue/compiler-ssr@3.2.39":
  version "3.2.39"
  resolved "http://artifactory.hundsun.com:80/artifactory/api/npm/fais2-npm-virtual/@vue/compiler-ssr/-/compiler-ssr-3.2.39.tgz#4f3bfb535cb98b764bee45e078700e03ccc60633"
  integrity sha512-EoGCJ6lincKOZGW+0Ky4WOKsSmqL7hp1ZYgen8M7u/mlvvEQUaO9tKKOy7K43M9U2aA3tPv0TuYYQFrEbK2eFQ==
  dependencies:
    "@vue/compiler-dom" "3.2.39"
    "@vue/shared" "3.2.39"

"@vue/devtools-api@^6.1.4":
  version "6.2.1"
  resolved "http://artifactory.hundsun.com:80/artifactory/api/npm/fais2-npm-virtual/@vue/devtools-api/-/devtools-api-6.2.1.tgz#6f2948ff002ec46df01420dfeff91de16c5b4092"
  integrity sha512-OEgAMeQXvCoJ+1x8WyQuVZzFo0wcyCmUR3baRVLmKBo1LmYZWMlRiXlux5jd0fqVJu6PfDbOrZItVqUEzLobeQ==

"@vue/reactivity-transform@3.2.39":
  version "3.2.39"
  resolved "http://artifactory.hundsun.com:80/artifactory/api/npm/fais2-npm-virtual/@vue/reactivity-transform/-/reactivity-transform-3.2.39.tgz#da6ae6c8fd77791b9ae21976720d116591e1c4aa"
  integrity sha512-HGuWu864zStiWs9wBC6JYOP1E00UjMdDWIG5W+FpUx28hV3uz9ODOKVNm/vdOy/Pvzg8+OcANxAVC85WFBbl3A==
  dependencies:
    "@babel/parser" "^7.16.4"
    "@vue/compiler-core" "3.2.39"
    "@vue/shared" "3.2.39"
    estree-walker "^2.0.2"
    magic-string "^0.25.7"

"@vue/reactivity@3.2.38":
  version "3.2.38"
  resolved "http://artifactory.hundsun.com:80/artifactory/api/npm/fais2-npm-virtual/@vue/reactivity/-/reactivity-3.2.38.tgz#d576fdcea98eefb96a1f1ad456e289263e87292e"
  integrity sha512-6L4myYcH9HG2M25co7/BSo0skKFHpAN8PhkNPM4xRVkyGl1K5M3Jx4rp5bsYhvYze2K4+l+pioN4e6ZwFLUVtw==
  dependencies:
    "@vue/shared" "3.2.38"

"@vue/reactivity@3.2.39", "@vue/reactivity@^3.2.38":
  version "3.2.39"
  resolved "http://artifactory.hundsun.com:80/artifactory/api/npm/fais2-npm-virtual/@vue/reactivity/-/reactivity-3.2.39.tgz#e6e3615fe2288d4232b104640ddabd0729a78c80"
  integrity sha512-vlaYX2a3qMhIZfrw3Mtfd+BuU+TZmvDrPMa+6lpfzS9k/LnGxkSuf0fhkP0rMGfiOHPtyKoU9OJJJFGm92beVQ==
  dependencies:
    "@vue/shared" "3.2.39"

"@vue/runtime-core@3.2.39":
  version "3.2.39"
  resolved "http://artifactory.hundsun.com:80/artifactory/api/npm/fais2-npm-virtual/@vue/runtime-core/-/runtime-core-3.2.39.tgz#dc1faccab11b3e81197aba33fb30c9447c1d2c84"
  integrity sha512-xKH5XP57JW5JW+8ZG1khBbuLakINTgPuINKL01hStWLTTGFOrM49UfCFXBcFvWmSbci3gmJyLl2EAzCaZWsx8g==
  dependencies:
    "@vue/reactivity" "3.2.39"
    "@vue/shared" "3.2.39"

"@vue/runtime-dom@3.2.39":
  version "3.2.39"
  resolved "http://artifactory.hundsun.com:80/artifactory/api/npm/fais2-npm-virtual/@vue/runtime-dom/-/runtime-dom-3.2.39.tgz#4a8cb132bcef316e8151c5ed07fc7272eb064614"
  integrity sha512-4G9AEJP+sLhsqf5wXcyKVWQKUhI+iWfy0hWQgea+CpaTD7BR0KdQzvoQdZhwCY6B3oleSyNLkLAQwm0ya/wNoA==
  dependencies:
    "@vue/runtime-core" "3.2.39"
    "@vue/shared" "3.2.39"
    csstype "^2.6.8"

"@vue/server-renderer@3.2.39":
  version "3.2.39"
  resolved "http://artifactory.hundsun.com:80/artifactory/api/npm/fais2-npm-virtual/@vue/server-renderer/-/server-renderer-3.2.39.tgz#4358292d925233b0d8b54cf0513eaece8b2351c5"
  integrity sha512-1yn9u2YBQWIgytFMjz4f/t0j43awKytTGVptfd3FtBk76t1pd8mxbek0G/DrnjJhd2V7mSTb5qgnxMYt8Z5iSQ==
  dependencies:
    "@vue/compiler-ssr" "3.2.39"
    "@vue/shared" "3.2.39"

"@vue/shared@3.2.38":
  version "3.2.38"
  resolved "http://artifactory.hundsun.com:80/artifactory/api/npm/fais2-npm-virtual/@vue/shared/-/shared-3.2.38.tgz#e823f0cb2e85b6bf43430c0d6811b1441c300f3c"
  integrity sha512-dTyhTIRmGXBjxJE+skC8tTWCGLCVc4wQgRRLt8+O9p5ewBAjoBwtCAkLPrtToSr1xltoe3st21Pv953aOZ7alg==

"@vue/shared@3.2.39", "@vue/shared@^3.2.38":
  version "3.2.39"
  resolved "http://artifactory.hundsun.com:80/artifactory/api/npm/fais2-npm-virtual/@vue/shared/-/shared-3.2.39.tgz#302df167559a1a5156da162d8cc6760cef67f8e3"
  integrity sha512-D3dl2ZB9qE6mTuWPk9RlhDeP1dgNRUKC3NJxji74A4yL8M2MwlhLKUC/49WHjrNzSPug58fWx/yFbaTzGAQSBw==

clipboard@^2.0.0:
  version "2.0.7"
  resolved "https://registry.npmjs.org/clipboard/-/clipboard-2.0.7.tgz#da927f817b1859426df39212ac81feb07dbaeadc"
  integrity sha512-8M8WEZcIvs0hgOma+wAPkrUxpv0PMY1L6VsAJh/2DOKARIMpyWe6ZLcEoe1qktl6/ced5ceYHs+oGedSbgZ3sg==
  dependencies:
    good-listener "^1.2.2"
    select "^1.1.2"
    tiny-emitter "^2.0.0"

colorette@^1.2.2:
  version "1.2.2"
  resolved "https://registry.npmjs.org/colorette/-/colorette-1.2.2.tgz#cbcc79d5e99caea2dbf10eb3a26fd8b3e6acfa94"
  integrity sha512-MKGMzyfeuutC/ZJ1cba9NqcNpfeqMUcYmyF1ZFY6/Cn7CNSAKx6a+s48sqLqyAiZuaP2TcqMhoo+dlwFnVxT9w==

commander@*:
  version "7.1.0"
  resolved "https://registry.npmjs.org/commander/-/commander-7.1.0.tgz#f2eaecf131f10e36e07d894698226e36ae0eb5ff"
  integrity sha512-pRxBna3MJe6HKnBGsDyMv8ETbptw3axEdYHoqNh7gu5oDcew8fs0xnivZGm06Ogk8zGAJ9VX+OPEr2GXEQK4dg==

copy-anything@^2.0.1:
  version "2.0.3"
  resolved "https://registry.npmjs.org/copy-anything/-/copy-anything-2.0.3.tgz#842407ba02466b0df844819bbe3baebbe5d45d87"
  integrity sha512-GK6QUtisv4fNS+XcI7shX0Gx9ORg7QqIznyfho79JTnX1XhLiyZHfftvGiziqzRiEi/Bjhgpi+D2o7HxJFPnDQ==
  dependencies:
    is-what "^3.12.0"

csstype@^2.6.8:
  version "2.6.16"
  resolved "https://registry.npmjs.org/csstype/-/csstype-2.6.16.tgz#544d69f547013b85a40d15bff75db38f34fe9c39"
  integrity sha512-61FBWoDHp/gRtsoDkq/B1nWrCUG/ok1E3tUrcNbZjsE9Cxd9yzUirjS3+nAATB8U4cTtaQmAHbNndoFz5L6C9Q==

debug@^3.2.6:
  version "3.2.7"
  resolved "https://registry.npmjs.org/debug/-/debug-3.2.7.tgz#72580b7e9145fb39b6676f9c5e5fb100b934179a"
  integrity sha512-CFjzYYAi4ThfiQvizrFQevTTXHtnCqWfe7x1AhgEscTz6ZbLbfoLRLPugTQyBth6f8ZERVUSyWHFD/7Wu4t1XQ==
  dependencies:
    ms "^2.1.1"

delegate@^3.1.2:
  version "3.2.0"
  resolved "https://registry.npmjs.org/delegate/-/delegate-3.2.0.tgz#b66b71c3158522e8ab5744f720d8ca0c2af59166"
  integrity sha512-IofjkYBZaZivn0V8nnsMJGBr4jVLxHDheKSW88PyxS5QC4Vo9ZbZVvhzlSxY87fVq3STR6r+4cGepyHkcWOQSw==

echarts@^5.4.0:
  version "5.4.0"
  resolved "http://artifactory.hundsun.com:80/artifactory/api/npm/fais2-npm-virtual/echarts/-/echarts-5.4.0.tgz#a9a8e5367293a397408d3bf3e2638b869249ce04"
  integrity sha512-uPsO9VRUIKAdFOoH3B0aNg7NRVdN7aM39/OjovjO9MwmWsAkfGyeXJhK+dbRi51iDrQWliXV60/XwLA7kg3z0w==
  dependencies:
    tslib "2.3.0"
    zrender "5.4.0"

errno@^0.1.1:
  version "0.1.8"
  resolved "https://registry.npmjs.org/errno/-/errno-0.1.8.tgz#8bb3e9c7d463be4976ff888f76b4809ebc2e811f"
  integrity sha512-dJ6oBr5SQ1VSd9qkk7ByRgb/1SH4JZjCHSW/mr63/QcXO9zLVxvJ6Oy13nio03rxpSnVDDjFor75SjVeZWPW/A==
  dependencies:
    prr "~1.0.1"

esbuild-android-64@0.15.8:
  version "0.15.8"
  resolved "http://artifactory.hundsun.com:80/artifactory/api/npm/fais2-npm-virtual/esbuild-android-64/-/esbuild-android-64-0.15.8.tgz#625863e705d4ed32a3b4c0b997dbf9454d50a455"
  integrity sha512-bVh8FIKOolF7/d4AMzt7xHlL0Ljr+mYKSHI39TJWDkybVWHdn6+4ODL3xZGHOxPpdRpitemXA1WwMKYBsw8dGw==
  dependencies:
    esbuild-wasm "0.15.8"

esbuild-android-arm64@0.15.8:
  version "0.15.8"
  resolved "http://artifactory.hundsun.com:80/artifactory/api/npm/fais2-npm-virtual/esbuild-android-arm64/-/esbuild-android-arm64-0.15.8.tgz#cd62afe08652ac146014386d3adbe7a9d33db1b0"
  integrity sha512-ReAMDAHuo0H1h9LxRabI6gwYPn8k6WiUeyxuMvx17yTrJO+SCnIfNc/TSPFvDwtK9MiyiKG/2dBYHouT/M0BXQ==

esbuild-darwin-64@0.15.8:
  version "0.15.8"
  resolved "http://artifactory.hundsun.com:80/artifactory/api/npm/fais2-npm-virtual/esbuild-darwin-64/-/esbuild-darwin-64-0.15.8.tgz#eb668dc973165f85aefecdca8aa60231acb2f705"
  integrity sha512-KaKcGfJ+yto7Fo5gAj3xwxHMd1fBIKatpCHK8znTJLVv+9+NN2/tIPBqA4w5rBwjX0UqXDeIE2v1xJP+nGEXgA==

esbuild-darwin-arm64@0.15.8:
  version "0.15.8"
  resolved "http://artifactory.hundsun.com:80/artifactory/api/npm/fais2-npm-virtual/esbuild-darwin-arm64/-/esbuild-darwin-arm64-0.15.8.tgz#91c110daa46074fdfc18f411247ca0d1228aacc3"
  integrity sha512-8tjEaBgAKnXCkP7bhEJmEqdG9HEV6oLkF36BrMzpfW2rgaw0c48Zrxe+9RlfeGvs6gDF4w+agXyTjikzsS3izw==

esbuild-freebsd-64@0.15.8:
  version "0.15.8"
  resolved "http://artifactory.hundsun.com:80/artifactory/api/npm/fais2-npm-virtual/esbuild-freebsd-64/-/esbuild-freebsd-64-0.15.8.tgz#22270945a9bf9107c340eb73922e122bbe84f8ad"
  integrity sha512-jaxcsGHYzn2L0/lffON2WfH4Nc+d/EwozVTP5K2v016zxMb5UQMhLoJzvLgBqHT1SG0B/mO+a+THnJCMVg15zw==

esbuild-freebsd-arm64@0.15.8:
  version "0.15.8"
  resolved "http://artifactory.hundsun.com:80/artifactory/api/npm/fais2-npm-virtual/esbuild-freebsd-arm64/-/esbuild-freebsd-arm64-0.15.8.tgz#0efe2741fbcaa2cfd31b9f94bd3ca7385b68c469"
  integrity sha512-2xp2UlljMvX8HExtcg7VHaeQk8OBU0CSl1j18B5CcZmSDkLF9p3utuMXIopG3a08fr9Hv+Dz6+seSXUow/G51w==

esbuild-linux-32@0.15.8:
  version "0.15.8"
  resolved "http://artifactory.hundsun.com:80/artifactory/api/npm/fais2-npm-virtual/esbuild-linux-32/-/esbuild-linux-32-0.15.8.tgz#6fc98659105da5c0d1fedfce3b7b9fa24ebee0d4"
  integrity sha512-9u1E54BRz1FQMl86iaHK146+4ID2KYNxL3trLZT4QLLx3M7Q9n4lGG3lrzqUatGR2cKy8c33b0iaCzsItZWkFg==

esbuild-linux-64@0.15.8:
  version "0.15.8"
  resolved "http://artifactory.hundsun.com:80/artifactory/api/npm/fais2-npm-virtual/esbuild-linux-64/-/esbuild-linux-64-0.15.8.tgz#8e738c926d145cdd4e9bcb2febc96d89dc27dc09"
  integrity sha512-4HxrsN9eUzJXdVGMTYA5Xler82FuZUu21bXKN42zcLHHNKCAMPUzD62I+GwDhsdgUBAUj0tRXDdsQHgaP6v0HA==

esbuild-linux-arm64@0.15.8:
  version "0.15.8"
  resolved "http://artifactory.hundsun.com:80/artifactory/api/npm/fais2-npm-virtual/esbuild-linux-arm64/-/esbuild-linux-arm64-0.15.8.tgz#a12675e5a56e8ef08dea49da8eed51a87b0e60d6"
  integrity sha512-1OCm7Aq0tEJT70PbxmHSGYDLYP8DKH8r4Nk7/XbVzWaduo9beCjGBB+tGZIHK6DdTQ3h00/4Tb/70YMH/bOtKg==

esbuild-linux-arm@0.15.8:
  version "0.15.8"
  resolved "http://artifactory.hundsun.com:80/artifactory/api/npm/fais2-npm-virtual/esbuild-linux-arm/-/esbuild-linux-arm-0.15.8.tgz#6424da1e8a3ece78681ebee4a70477b40c36ab35"
  integrity sha512-7DVBU9SFjX4+vBwt8tHsUCbE6Vvl6y6FQWHAgyw1lybC5gULqn/WnjHYHN2/LJaZRsDBvxWT4msEgwLGq1Wd3Q==

esbuild-linux-mips64le@0.15.8:
  version "0.15.8"
  resolved "http://artifactory.hundsun.com:80/artifactory/api/npm/fais2-npm-virtual/esbuild-linux-mips64le/-/esbuild-linux-mips64le-0.15.8.tgz#5b39a16272cb4eaaad1f24938c057b19fb5a0ee5"
  integrity sha512-yeFoNPVFPEzZvFYBfUQNG2TjGRaCyV1E27OcOg4LOtnGrxb2wA+mkW3luckyv1CEyd00mpAg7UdHx8nlx3ghgA==

esbuild-linux-ppc64le@0.15.8:
  version "0.15.8"
  resolved "http://artifactory.hundsun.com:80/artifactory/api/npm/fais2-npm-virtual/esbuild-linux-ppc64le/-/esbuild-linux-ppc64le-0.15.8.tgz#98ea8cfae8227180b45b2d952b2cbb072900944f"
  integrity sha512-CEyMMUUNabXibw8OSNmBXhOIGhnjNVl5Lpseiuf00iKN0V47oqDrbo4dsHz1wH62m49AR8iG8wpDlTqfYgKbtg==

esbuild-linux-riscv64@0.15.8:
  version "0.15.8"
  resolved "http://artifactory.hundsun.com:80/artifactory/api/npm/fais2-npm-virtual/esbuild-linux-riscv64/-/esbuild-linux-riscv64-0.15.8.tgz#6334607025eb449d8dd402d7810721dc15a6210f"
  integrity sha512-OCGSOaspMUjexSCU8ZiA0UnV/NiRU+s2vIfEcAQWQ6u32R+2luyfh/4ZaY6jFbylJE07Esc/yRvb9Q5fXuClXA==

esbuild-linux-s390x@0.15.8:
  version "0.15.8"
  resolved "http://artifactory.hundsun.com:80/artifactory/api/npm/fais2-npm-virtual/esbuild-linux-s390x/-/esbuild-linux-s390x-0.15.8.tgz#874f1a3507c32cce1d2ce0d2f28ac1496c094eab"
  integrity sha512-RHdpdfxRTSrZXZJlFSLazFU4YwXLB5Rgf6Zr5rffqSsO4y9JybgtKO38bFwxZNlDXliYISXN/YROKrG9s7mZQA==

esbuild-netbsd-64@0.15.8:
  version "0.15.8"
  resolved "http://artifactory.hundsun.com:80/artifactory/api/npm/fais2-npm-virtual/esbuild-netbsd-64/-/esbuild-netbsd-64-0.15.8.tgz#2e03d87ed811400d5d1fa8c7629b9fd97a574231"
  integrity sha512-VolFFRatBH09T5QMWhiohAWCOien1R1Uz9K0BRVVTBgBaVBt7eArsXTKxVhUgRf2vwu2c2SXkuP0r7HLG0eozw==

esbuild-openbsd-64@0.15.8:
  version "0.15.8"
  resolved "http://artifactory.hundsun.com:80/artifactory/api/npm/fais2-npm-virtual/esbuild-openbsd-64/-/esbuild-openbsd-64-0.15.8.tgz#8fdbc6399563ac61ff546449e2226a2b1477216c"
  integrity sha512-HTAPlg+n4kUeE/isQxlCfsOz0xJGNoT5LJ9oYZWFKABfVf4Ycu7Zlf5ITgOnrdheTkz8JeL/gISIOCFAoOXrSA==

esbuild-sunos-64@0.15.8:
  version "0.15.8"
  resolved "http://artifactory.hundsun.com:80/artifactory/api/npm/fais2-npm-virtual/esbuild-sunos-64/-/esbuild-sunos-64-0.15.8.tgz#db657b5c09c0c0161d67ddafca1b710a2e7ce96b"
  integrity sha512-qMP/jR/FzcIOwKj+W+Lb+8Cfr8GZHbHUJxAPi7DUhNZMQ/6y7sOgRzlOSpRrbbUntrRZh0MqOyDhJ3Gpo6L1QA==

esbuild-wasm@0.15.8:
  version "0.15.8"
  resolved "http://artifactory.hundsun.com:80/artifactory/api/npm/fais2-npm-virtual/esbuild-wasm/-/esbuild-wasm-0.15.8.tgz#60fb8c5dc1a5538421857a2fa5fbb9eab908dcbb"
  integrity sha512-Y7uCl5RNO4URjlemjdx++ukVHEMt5s5AfMWYUnMiK4Sry+pPCvQIctzXq6r6FKCyGKjX6/NGMCqR2OX6aLxj0w==

esbuild-windows-32@0.15.8:
  version "0.15.8"
  resolved "http://artifactory.hundsun.com:80/artifactory/api/npm/fais2-npm-virtual/esbuild-windows-32/-/esbuild-windows-32-0.15.8.tgz#bbb9fe20a8b6bba4428642cacf45a0fb7b2f3783"
  integrity sha512-RKR1QHh4iWzjUhkP8Yqi75PPz/KS+b8zw3wUrzw6oAkj+iU5Qtyj61ZDaSG3Qf2vc6hTIUiPqVTqBH0NpXFNwg==

esbuild-windows-64@0.15.8:
  version "0.15.8"
  resolved "http://artifactory.hundsun.com:80/artifactory/api/npm/fais2-npm-virtual/esbuild-windows-64/-/esbuild-windows-64-0.15.8.tgz#cedee65505209c8d371d7228b60785c08f43e04d"
  integrity sha512-ag9ptYrsizgsR+PQE8QKeMqnosLvAMonQREpLw4evA4FFgOBMLEat/dY/9txbpozTw9eEOYyD3a4cE9yTu20FA==

esbuild-windows-arm64@0.15.8:
  version "0.15.8"
  resolved "http://artifactory.hundsun.com:80/artifactory/api/npm/fais2-npm-virtual/esbuild-windows-arm64/-/esbuild-windows-arm64-0.15.8.tgz#1d75235290bf23a111e6c0b03febd324af115cb1"
  integrity sha512-dbpAb0VyPaUs9mgw65KRfQ9rqiWCHpNzrJusoPu+LpEoswosjt/tFxN7cd2l68AT4qWdBkzAjDLRon7uqMeWcg==

esbuild@^0.15.6:
  version "0.15.8"
  resolved "http://artifactory.hundsun.com:80/artifactory/api/npm/fais2-npm-virtual/esbuild/-/esbuild-0.15.8.tgz#75daa25d03f6dd9cc9355030eba2b93555b42cd4"
  integrity sha512-Remsk2dmr1Ia65sU+QasE6svJbsHe62lzR+CnjpUvbZ+uSYo1SitiOWPRfZQkCu82YWZBBKXiD/j0i//XWMZ+Q==
  optionalDependencies:
    "@esbuild/android-arm" "0.15.8"
    "@esbuild/linux-loong64" "0.15.8"
    esbuild-android-64 "0.15.8"
    esbuild-android-arm64 "0.15.8"
    esbuild-darwin-64 "0.15.8"
    esbuild-darwin-arm64 "0.15.8"
    esbuild-freebsd-64 "0.15.8"
    esbuild-freebsd-arm64 "0.15.8"
    esbuild-linux-32 "0.15.8"
    esbuild-linux-64 "0.15.8"
    esbuild-linux-arm "0.15.8"
    esbuild-linux-arm64 "0.15.8"
    esbuild-linux-mips64le "0.15.8"
    esbuild-linux-ppc64le "0.15.8"
    esbuild-linux-riscv64 "0.15.8"
    esbuild-linux-s390x "0.15.8"
    esbuild-netbsd-64 "0.15.8"
    esbuild-openbsd-64 "0.15.8"
    esbuild-sunos-64 "0.15.8"
    esbuild-windows-32 "0.15.8"
    esbuild-windows-64 "0.15.8"
    esbuild-windows-arm64 "0.15.8"

estree-walker@^2.0.2:
  version "2.0.2"
  resolved "http://artifactory.hundsun.com:80/artifactory/api/npm/fais2-npm-virtual/estree-walker/-/estree-walker-2.0.2.tgz#52f010178c2a4c117a7757cfe942adb7d2da4cac"
  integrity sha512-Rfkk/Mp/DL7JVje3u18FxFujQlTNR2q6QfMSMB7AvCBx91NGj/ba3kCfza0f6dVDbw7YlRf/nDrn7pQrCCyQ/w==

fsevents@~2.3.2:
  version "2.3.2"
  resolved "http://artifactory.hundsun.com:80/artifactory/api/npm/fais2-npm-virtual/fsevents/-/fsevents-2.3.2.tgz#8a526f78b8fdf4623b709e0b975c52c24c02fd1a"
  integrity sha512-xiqMQR4xAeHTuB9uWm+fFRcIOgKBMiOBP+eXiyT7jsgVCq1bkVygt00oASowB7EdtpOHaaPgKt812P9ab+DDKA==

function-bind@^1.1.1:
  version "1.1.1"
  resolved "https://registry.npmjs.org/function-bind/-/function-bind-1.1.1.tgz#a56899d3ea3c9bab874bb9773b7c5ede92f4895d"
  integrity sha512-yIovAzMX49sF8Yl58fSCWJ5svSLuaibPxXQJFLmBObTuCr0Mf1KiPopGM9NiFjiYBCbfaa2Fh6breQ6ANVTI0A==

good-listener@^1.2.2:
  version "1.2.2"
  resolved "https://registry.npmjs.org/good-listener/-/good-listener-1.2.2.tgz#d53b30cdf9313dffb7dc9a0d477096aa6d145c50"
  integrity sha1-1TswzfkxPf+33JoNR3CWqm0UXFA=
  dependencies:
    delegate "^3.1.2"

graceful-fs@^4.1.2:
  version "4.2.6"
  resolved "https://registry.npmjs.org/graceful-fs/-/graceful-fs-4.2.6.tgz#ff040b2b0853b23c3d31027523706f1885d76bee"
  integrity sha512-nTnJ528pbqxYanhpDYsi4Rd8MAeaBA67+RZ10CM1m3bTAVFEDcd5AuA4a6W5YkGZ1iNXHzZz8T6TBKLeBuNriQ==

has@^1.0.3:
  version "1.0.3"
  resolved "https://registry.npmjs.org/has/-/has-1.0.3.tgz#722d7cbfc1f6aa8241f16dd814e011e1f41e8796"
  integrity sha512-f2dvO0VU6Oej7RkWJGrehjbzMAjFp5/VKPp5tTpWIV4JHHZK1/BxbFRtf/siA2SWTe09caDmVtYYzWEIbBS4zw==
  dependencies:
    function-bind "^1.1.1"

iconv-lite@^0.4.4:
  version "0.4.24"
  resolved "https://registry.npmjs.org/iconv-lite/-/iconv-lite-0.4.24.tgz#2022b4b25fbddc21d2f524974a474aafe733908b"
  integrity sha512-v3MXnZAcvnywkTUEZomIActle7RXXeedOR31wwl7VlyoXO4Qi9arvSenNQWne1TcRwhCL1HwLI21bEqdpj8/rA==
  dependencies:
    safer-buffer ">= 2.1.2 < 3"

image-size@~0.5.0:
  version "0.5.5"
  resolved "https://registry.npmjs.org/image-size/-/image-size-0.5.5.tgz#09dfd4ab9d20e29eb1c3e80b8990378df9e3cb9c"
  integrity sha1-Cd/Uq50g4p6xw+gLiZA3jfnjy5w=

is-core-module@^2.9.0:
  version "2.10.0"
  resolved "http://artifactory.hundsun.com:80/artifactory/api/npm/fais2-npm-virtual/is-core-module/-/is-core-module-2.10.0.tgz#9012ede0a91c69587e647514e1d5277019e728ed"
  integrity sha512-Erxj2n/LDAZ7H8WNJXd9tw38GYM3dv8rk8Zcs+jJuxYTW7sozH+SS8NtrSjVL1/vpLvWi1hxy96IzjJ3EHTJJg==
  dependencies:
    has "^1.0.3"

is-what@^3.12.0:
  version "3.14.1"
  resolved "https://registry.npmjs.org/is-what/-/is-what-3.14.1.tgz#e1222f46ddda85dead0fd1c9df131760e77755c1"
  integrity sha512-sNxgpk9793nzSs7bA6JQJGeIuRBQhAaNGG77kzYQgMkrID+lS6SlK07K5LaptscDlSaIgH+GPFzf+d75FVxozA==

less@^4.1.1:
  version "4.1.1"
  resolved "https://registry.npmjs.org/less/-/less-4.1.1.tgz#15bf253a9939791dc690888c3ff424f3e6c7edba"
  integrity sha512-w09o8tZFPThBscl5d0Ggp3RcrKIouBoQscnOMgFH3n5V3kN/CXGHNfCkRPtxJk6nKryDXaV9aHLK55RXuH4sAw==
  dependencies:
    copy-anything "^2.0.1"
    parse-node-version "^1.0.1"
    tslib "^1.10.0"
  optionalDependencies:
    errno "^0.1.1"
    graceful-fs "^4.1.2"
    image-size "~0.5.0"
    make-dir "^2.1.0"
    mime "^1.4.1"
    needle "^2.5.2"
    source-map "~0.6.0"

lru-cache@^6.0.0:
  version "6.0.0"
  resolved "http://artifactory.hundsun.com:80/artifactory/api/npm/fais2-npm-virtual/lru-cache/-/lru-cache-6.0.0.tgz#6d6fe6570ebd96aaf90fcad1dafa3b2566db3a94"
  integrity sha512-Jo6dJ04CmSjuznwJSS3pUeWmd/H0ffTlkXXgwZi+eq1UCmqQwCh+eLsYOYCwY991i2Fah4h1BEMCx4qThGbsiA==
  dependencies:
    yallist "^4.0.0"

magic-string@^0.25.7:
  version "0.25.7"
  resolved "https://registry.npmjs.org/magic-string/-/magic-string-0.25.7.tgz#3f497d6fd34c669c6798dcb821f2ef31f5445051"
  integrity sha512-4CrMT5DOHTDk4HYDlzmwu4FVCcIYI8gauveasrdCu2IKIFOJ3f0v/8MDGJCDL9oD2ppz/Av1b0Nj345H9M+XIA==
  dependencies:
    sourcemap-codec "^1.4.4"

make-dir@^2.1.0:
  version "2.1.0"
  resolved "https://registry.npmjs.org/make-dir/-/make-dir-2.1.0.tgz#5f0310e18b8be898cc07009295a30ae41e91e6f5"
  integrity sha512-LS9X+dc8KLxXCb8dni79fLIIUA5VyZoyjSMCwTluaXA0o27cCK0bhXkpgw+sTXVpPy/lSO57ilRixqk0vDmtRA==
  dependencies:
    pify "^4.0.1"
    semver "^5.6.0"

mime@^1.4.1:
  version "1.6.0"
  resolved "https://registry.npmjs.org/mime/-/mime-1.6.0.tgz#32cd9e5c64553bd58d19a568af452acff04981b1"
  integrity sha512-x0Vn8spI+wuJ1O6S7gnbaQg8Pxh4NNHb7KSINmEWKiPE4RKOplvijn+NkmYmmRgP68mc70j2EbeTFRsrswaQeg==

mockjs@^1.1.0:
  version "1.1.0"
  resolved "https://registry.npmjs.org/mockjs/-/mockjs-1.1.0.tgz#e6a0c378e91906dbaff20911cc0273b3c7d75b06"
  integrity sha512-eQsKcWzIaZzEZ07NuEyO4Nw65g0hdWAyurVol1IPl1gahRwY+svqzfgfey8U8dahLwG44d6/RwEzuK52rSa/JQ==
  dependencies:
    commander "*"

ms@^2.1.1:
  version "2.1.3"
  resolved "https://registry.npmjs.org/ms/-/ms-2.1.3.tgz#574c8138ce1d2b5861f0b44579dbadd60c6615b2"
  integrity sha512-6FlzubTLZG3J2a/NVCAleEhjzq5oxgHyaCU9yYXvcLsvoVaHJq/s5xXI6/XXP6tz7R9xAOtHnSO/tXtF3WRTlA==

nanoid@^3.1.20:
  version "3.1.20"
  resolved "https://registry.npmjs.org/nanoid/-/nanoid-3.1.20.tgz#badc263c6b1dcf14b71efaa85f6ab4c1d6cfc788"
  integrity sha512-a1cQNyczgKbLX9jwbS/+d7W8fX/RfgYR7lVWwWOGIPNgK2m0MWvrGF6/m4kk6U3QcFMnZf3RIhL0v2Jgh/0Uxw==

nanoid@^3.3.4:
  version "3.3.4"
  resolved "http://artifactory.hundsun.com:80/artifactory/api/npm/fais2-npm-virtual/nanoid/-/nanoid-3.3.4.tgz#730b67e3cd09e2deacf03c027c81c9d9dbc5e8ab"
  integrity sha512-MqBkQh/OHTS2egovRtLk45wEyNXwF+cokD+1YPf9u5VfJiRdAiRwB2froX5Co9Rh20xs4siNPm8naNotSD6RBw==

needle@^2.5.2:
  version "2.6.0"
  resolved "https://registry.npmjs.org/needle/-/needle-2.6.0.tgz#24dbb55f2509e2324b4a99d61f413982013ccdbe"
  integrity sha512-KKYdza4heMsEfSWD7VPUIz3zX2XDwOyX2d+geb4vrERZMT5RMU6ujjaD+I5Yr54uZxQ2w6XRTAhHBbSCyovZBg==
  dependencies:
    debug "^3.2.6"
    iconv-lite "^0.4.4"
    sax "^1.2.4"

parse-node-version@^1.0.1:
  version "1.0.1"
  resolved "https://registry.npmjs.org/parse-node-version/-/parse-node-version-1.0.1.tgz#e2b5dbede00e7fa9bc363607f53327e8b073189b"
  integrity sha512-3YHlOa/JgH6Mnpr05jP9eDG254US9ek25LyIxZlDItp2iJtwyaXQb57lBYLdT3MowkUFYEV2XXNAYIPlESvJlA==

path-parse@^1.0.7:
  version "1.0.7"
  resolved "http://artifactory.hundsun.com:80/artifactory/api/npm/fais2-npm-virtual/path-parse/-/path-parse-1.0.7.tgz#fbc114b60ca42b30d9daf5858e4bd68bbedb6735"
  integrity sha512-LDJzPVEEEPR+y48z93A0Ed0yXb8pAByGWo/k5YYdYgpY2/2EsOsksJrq7lOHxryrVOn1ejG6oAp8ahvOIQD8sw==

picocolors@^1.0.0:
  version "1.0.0"
  resolved "http://artifactory.hundsun.com:80/artifactory/api/npm/fais2-npm-virtual/picocolors/-/picocolors-1.0.0.tgz#cb5bdc74ff3f51892236eaf79d68bc44564ab81c"
  integrity sha512-1fygroTLlHu66zi26VoTDv8yRgm0Fccecssto+MhsZ0D/DGW2sm8E8AjW7NU5VVTRt5GxbeZ5qBuJr+HyLYkjQ==

pify@^4.0.1:
  version "4.0.1"
  resolved "https://registry.npmjs.org/pify/-/pify-4.0.1.tgz#4b2cd25c50d598735c50292224fd8c6df41e3231"
  integrity sha512-uB80kBFb/tfd68bVleG9T5GGsGPjJrLAUpR5PZIrhBnIaRTQRjqdJSsIKkOP6OAIFbj7GOrcudc5pNjZ+geV2g==

postcss@^8.1.10:
  version "8.2.7"
  resolved "https://registry.npmjs.org/postcss/-/postcss-8.2.7.tgz#48ed8d88b4de10afa0dfd1c3f840aa57b55c4d47"
  integrity sha512-DsVLH3xJzut+VT+rYr0mtvOtpTjSyqDwPf5EZWXcb0uAKfitGpTY9Ec+afi2+TgdN8rWS9Cs88UDYehKo/RvOw==
  dependencies:
    colorette "^1.2.2"
    nanoid "^3.1.20"
    source-map "^0.6.1"

postcss@^8.4.16:
  version "8.4.16"
  resolved "http://artifactory.hundsun.com:80/artifactory/api/npm/fais2-npm-virtual/postcss/-/postcss-8.4.16.tgz#33a1d675fac39941f5f445db0de4db2b6e01d43c"
  integrity sha512-ipHE1XBvKzm5xI7hiHCZJCSugxvsdq2mPnsq5+UF+VHCjiBvtDrlxJfMBToWaP9D5XlgNmcFGqoHmUn0EYEaRQ==
  dependencies:
    nanoid "^3.3.4"
    picocolors "^1.0.0"
    source-map-js "^1.0.2"

prismjs@^1.23.0:
  version "1.23.0"
  resolved "https://registry.npmjs.org/prismjs/-/prismjs-1.23.0.tgz#d3b3967f7d72440690497652a9d40ff046067f33"
  integrity sha512-c29LVsqOaLbBHuIbsTxaKENh1N2EQBOHaWv7gkHN4dgRbxSREqDnDbtFJYdpPauS4YCplMSNCABQ6Eeor69bAA==
  optionalDependencies:
    clipboard "^2.0.0"

prr@~1.0.1:
  version "1.0.1"
  resolved "https://registry.npmjs.org/prr/-/prr-1.0.1.tgz#d3fc114ba06995a45ec6893f484ceb1d78f5f476"
  integrity sha1-0/wRS6BplaRexok/SEzrHXj19HY=

register-service-worker@^1.7.2:
  version "1.7.2"
  resolved "http://artifactory.hundsun.com:80/artifactory/api/npm/fais2-npm-virtual/register-service-worker/-/register-service-worker-1.7.2.tgz#6516983e1ef790a98c4225af1216bc80941a4bd2"
  integrity sha512-CiD3ZSanZqcMPRhtfct5K9f7i3OLCcBBWsJjLh1gW9RO/nS94sVzY59iS+fgYBOBqaBpf4EzfqUF3j9IG+xo8A==

resolve@^1.22.1:
  version "1.22.1"
  resolved "http://artifactory.hundsun.com:80/artifactory/api/npm/fais2-npm-virtual/resolve/-/resolve-1.22.1.tgz#27cb2ebb53f91abb49470a928bba7558066ac177"
  integrity sha512-nBpuuYuY5jFsli/JIs1oldw6fOQCBioohqWZg/2hiaOybXOft4lonv85uDOKXdf8rhyK159cxU5cDcK/NKk8zw==
  dependencies:
    is-core-module "^2.9.0"
    path-parse "^1.0.7"
    supports-preserve-symlinks-flag "^1.0.0"

rollup@~2.78.0:
  version "2.78.1"
  resolved "http://artifactory.hundsun.com:80/artifactory/api/npm/fais2-npm-virtual/rollup/-/rollup-2.78.1.tgz#52fe3934d9c83cb4f7c4cb5fb75d88591be8648f"
  integrity sha512-VeeCgtGi4P+o9hIg+xz4qQpRl6R401LWEXBmxYKOV4zlF82lyhgh2hTZnheFUbANE8l2A41F458iwj2vEYaXJg==
  optionalDependencies:
    fsevents "~2.3.2"

"safer-buffer@>= 2.1.2 < 3":
  version "2.1.2"
  resolved "https://registry.npmjs.org/safer-buffer/-/safer-buffer-2.1.2.tgz#44fa161b0187b9549dd84bb91802f9bd8385cd6a"
  integrity sha512-YZo3K82SD7Riyi0E1EQPojLz7kpepnSQI9IyPbHHg1XXXevb5dJI7tpyN2ADxGcQbHG7vcyRHk0cbwqcQriUtg==

sax@^1.2.4:
  version "1.2.4"
  resolved "https://registry.npmjs.org/sax/-/sax-1.2.4.tgz#2816234e2378bddc4e5354fab5caa895df7100d9"
  integrity sha512-NqVDv9TpANUjFm0N8uM5GxL36UgKi9/atZw+x7YFnQ8ckwFGKrl4xX4yWtrey3UJm5nP1kUbnYgLopqWNSRhWw==

select@^1.1.2:
  version "1.1.2"
  resolved "https://registry.npmjs.org/select/-/select-1.1.2.tgz#0e7350acdec80b1108528786ec1d4418d11b396d"
  integrity sha1-DnNQrN7ICxEIUoeG7B1EGNEbOW0=

semver@^5.6.0:
  version "5.7.1"
  resolved "https://registry.npmjs.org/semver/-/semver-5.7.1.tgz#a954f931aeba508d307bbf069eff0c01c96116f7"
  integrity sha512-sauaDf/PZdVgrLTNYHRtpXa1iRiKcaebiKQ1BJdpQlWH2lCvexQdX55snPFyK7QzpudqbCI0qXFfOasHdyNDGQ==

semver@^7.3.7:
  version "7.3.7"
  resolved "http://artifactory.hundsun.com:80/artifactory/api/npm/fais2-npm-virtual/semver/-/semver-7.3.7.tgz#12c5b649afdbf9049707796e22a4028814ce523f"
  integrity sha512-QlYTucUYOews+WeEujDoEGziz4K6c47V/Bd+LjSSYcA94p+DmINdf7ncaUinThfvZyu13lN9OY1XDxt8C0Tw0g==
  dependencies:
    lru-cache "^6.0.0"

size-sensor@^1.0.1:
  version "1.0.1"
  resolved "https://registry.npmjs.org/size-sensor/-/size-sensor-1.0.1.tgz#f84e46206d3e259faff1d548e4b3beca93219dbb"
  integrity sha512-QTy7MnuugCFXIedXRpUSk9gUnyNiaxIdxGfUjr8xxXOqIB3QvBUYP9+b51oCg2C4dnhaeNk/h57TxjbvoJrJUA==

source-map-js@^1.0.2:
  version "1.0.2"
  resolved "http://artifactory.hundsun.com:80/artifactory/api/npm/fais2-npm-virtual/source-map-js/-/source-map-js-1.0.2.tgz#adbc361d9c62df380125e7f161f71c826f1e490c"
  integrity sha512-R0XvVJ9WusLiqTCEiGCmICCMplcCkIwwR11mOSD9CR5u+IXYdiseeEuXCVAjS54zqwkLcPNnmU4OeJ6tUrWhDw==

source-map@^0.6.1, source-map@~0.6.0:
  version "0.6.1"
  resolved "https://registry.npmjs.org/source-map/-/source-map-0.6.1.tgz#74722af32e9614e9c287a8d0bbde48b5e2f1a263"
  integrity sha512-UjgapumWlbMhkBgzT7Ykc5YXUT46F0iKu8SGXq0bcwP5dz/h0Plj6enJqjz1Zbq2l5WaqYnrVbwWOWMyF3F47g==

sourcemap-codec@^1.4.4:
  version "1.4.8"
  resolved "https://registry.npmjs.org/sourcemap-codec/-/sourcemap-codec-1.4.8.tgz#ea804bd94857402e6992d05a38ef1ae35a9ab4c4"
  integrity sha512-9NykojV5Uih4lgo5So5dtw+f0JgJX30KCNI8gwhz2J9A15wD0Ml6tjHKwf6fTSa6fAdVBdZeNOs9eJ71qCk8vA==

supports-preserve-symlinks-flag@^1.0.0:
  version "1.0.0"
  resolved "http://artifactory.hundsun.com:80/artifactory/api/npm/fais2-npm-virtual/supports-preserve-symlinks-flag/-/supports-preserve-symlinks-flag-1.0.0.tgz#6eda4bd344a3c94aea376d4cc31bc77311039e09"
  integrity sha512-ot0WnXS9fgdkgIcePe6RHNk1WA8+muPa6cSjeR3V8K27q9BB1rTE3R1p7Hv0z1ZyAc8s6Vvv8DIyWf681MAt0w==

tiny-emitter@^2.0.0:
  version "2.1.0"
  resolved "https://registry.npmjs.org/tiny-emitter/-/tiny-emitter-2.1.0.tgz#1d1a56edfc51c43e863cbb5382a72330e3555423"
  integrity sha512-NB6Dk1A9xgQPMoGqC5CVXn123gWyte215ONT5Pp5a0yt4nlEoO1ZWeCwpncaekPHXO60i47ihFnZPiRPjRMq4Q==

tslib@2.3.0:
  version "2.3.0"
  resolved "http://artifactory.hundsun.com:80/artifactory/api/npm/fais2-npm-virtual/tslib/-/tslib-2.3.0.tgz#803b8cdab3e12ba581a4ca41c8839bbb0dacb09e"
  integrity sha512-N82ooyxVNm6h1riLCoyS9e3fuJ3AMG2zIZs2Gd1ATcSFjSA23Q0fzjjZeh0jbJvWVDZ0cJT8yaNNaaXHzueNjg==

tslib@^1.10.0:
  version "1.14.1"
  resolved "https://registry.npmjs.org/tslib/-/tslib-1.14.1.tgz#cf2d38bdc34a134bcaf1091c41f6619e2f672d00"
  integrity sha512-Xni35NKzjgMrwevysHTCArtLDpPvye8zV/0E4EyYn43P7/7qvQwPh9BGkHewbMulVntbigmcT7rdX3BNo9wRJg==

typescript@^4.8.3:
  version "4.8.3"
  resolved "http://artifactory.hundsun.com:80/artifactory/api/npm/fais2-npm-virtual/typescript/-/typescript-4.8.3.tgz#d59344522c4bc464a65a730ac695007fdb66dd88"
  integrity sha512-goMHfm00nWPa8UvR/CPSvykqf6dVV8x/dp0c5mFTMTIu0u0FlGWRioyy7Nn0PGAdHxpJZnuO/ut+PpQ8UiHAig==

vite@^3.1.2:
  version "3.1.2"
  resolved "http://artifactory.hundsun.com:80/artifactory/api/npm/fais2-npm-virtual/vite/-/vite-3.1.2.tgz#6b080f928490b1a46465ed3cbb4815f31f1a5376"
  integrity sha512-wTDKPkiVbeT+drTPdkuvjVIC/2vKKUc1w3qNOuwgpyvPCZF6fvdxB5v5WEcCsqaYea0zrwA4+XialJKCHM3oVQ==
  dependencies:
    esbuild "^0.15.6"
    postcss "^8.4.16"
    resolve "^1.22.1"
    rollup "~2.78.0"
  optionalDependencies:
    fsevents "~2.3.2"

vue-router@^4.1.5:
  version "4.1.5"
  resolved "http://artifactory.hundsun.com:80/artifactory/api/npm/fais2-npm-virtual/vue-router/-/vue-router-4.1.5.tgz#256f597e3f5a281a23352a6193aa6e342c8d9f9a"
  integrity sha512-IsvoF5D2GQ/EGTs/Th4NQms9gd2NSqV+yylxIyp/OYp8xOwxmU8Kj/74E9DTSYAyH5LX7idVUngN3JSj1X4xcQ==
  dependencies:
    "@vue/devtools-api" "^6.1.4"

vue-tsc@^0.40.13:
  version "0.40.13"
  resolved "http://artifactory.hundsun.com:80/artifactory/api/npm/fais2-npm-virtual/vue-tsc/-/vue-tsc-0.40.13.tgz#0a193014f7cadb47459cf0809ce3953b74a1348c"
  integrity sha512-xzuN3g5PnKfJcNrLv4+mAjteMd5wLm5fRhW0034OfNJZY4WhB07vhngea/XeGn7wNYt16r7syonzvW/54dcNiA==
  dependencies:
    "@volar/vue-language-core" "0.40.13"
    "@volar/vue-typescript" "0.40.13"

vue@^3.2.39:
  version "3.2.39"
  resolved "http://artifactory.hundsun.com:80/artifactory/api/npm/fais2-npm-virtual/vue/-/vue-3.2.39.tgz#de071c56c4c32c41cbd54e55f11404295c0dd62d"
  integrity sha512-tRkguhRTw9NmIPXhzk21YFBqXHT2t+6C6wPOgQ50fcFVWnPdetmRqbmySRHznrYjX2E47u0cGlKGcxKZJ38R/g==
  dependencies:
    "@vue/compiler-dom" "3.2.39"
    "@vue/compiler-sfc" "3.2.39"
    "@vue/runtime-dom" "3.2.39"
    "@vue/server-renderer" "3.2.39"
    "@vue/shared" "3.2.39"

yallist@^4.0.0:
  version "4.0.0"
  resolved "http://artifactory.hundsun.com:80/artifactory/api/npm/fais2-npm-virtual/yallist/-/yallist-4.0.0.tgz#9bb92790d9c0effec63be73519e11a35019a3a72"
  integrity sha512-3wdGidZyq5PB084XLES5TpOSRA3wjXAlIWMhum2kRcv/41Sn2emQ0dycQW4uZXLejwKvg6EsvbdlVL+FYEct7A==

zrender@5.4.0:
  version "5.4.0"
  resolved "http://artifactory.hundsun.com:80/artifactory/api/npm/fais2-npm-virtual/zrender/-/zrender-5.4.0.tgz#d4f76e527b2e3bbd7add2bdaf27a16af85785576"
  integrity sha512-rOS09Z2HSVGFs2dn/TuYk5BlCaZcVe8UDLLjj1ySYF828LATKKdxuakSZMvrDz54yiKPDYVfjdKqcX8Jky3BIA==
  dependencies:
    tslib "2.3.0"
